
Microsoft Visual Studio Solution File, Format Version 12.00
# Visual Studio Version 17
VisualStudioVersion = 17.13.35818.85
MinimumVisualStudioVersion = 10.0.40219.1
Project("{2150E333-8FDC-42A3-9474-1A3956D46DE8}") = "src", "src", "{02EA681E-C7D8-13C7-8484-4AC65E1B71E8}"
EndProject
Project("{FAE04EC0-301F-11D3-BF4B-00C04F79EFBC}") = "Pursue.Extension.Queue", "src\Pursue.Extension.Queue\Pursue.Extension.Queue.csproj", "{6E8B388C-CFC6-D801-E602-E90BE4353836}"
EndProject
Project("{2150E333-8FDC-42A3-9474-1A3956D46DE8}") = "test", "test", "{C142F91E-4A36-4A7B-9BCF-CCDCA3E4D7CB}"
EndProject
Project("{FAE04EC0-301F-11D3-BF4B-00C04F79EFBC}") = "Pursue.Extension.Queue.Demo", "src\Pursue.Extension.Queue.Demo\Pursue.Extension.Queue.Demo.csproj", "{D6647BAC-A71B-441B-9218-35CA30225F69}"
EndProject
Global
	GlobalSection(SolutionConfigurationPlatforms) = preSolution
		Debug|Any CPU = Debug|Any CPU
		Release|Any CPU = Release|Any CPU
	EndGlobalSection
	GlobalSection(ProjectConfigurationPlatforms) = postSolution
		{6E8B388C-CFC6-D801-E602-E90BE4353836}.Debug|Any CPU.ActiveCfg = Debug|Any CPU
		{6E8B388C-CFC6-D801-E602-E90BE4353836}.Debug|Any CPU.Build.0 = Debug|Any CPU
		{6E8B388C-CFC6-D801-E602-E90BE4353836}.Release|Any CPU.ActiveCfg = Release|Any CPU
		{6E8B388C-CFC6-D801-E602-E90BE4353836}.Release|Any CPU.Build.0 = Release|Any CPU
		{D6647BAC-A71B-441B-9218-35CA30225F69}.Debug|Any CPU.ActiveCfg = Debug|Any CPU
		{D6647BAC-A71B-441B-9218-35CA30225F69}.Debug|Any CPU.Build.0 = Debug|Any CPU
		{D6647BAC-A71B-441B-9218-35CA30225F69}.Release|Any CPU.ActiveCfg = Release|Any CPU
		{D6647BAC-A71B-441B-9218-35CA30225F69}.Release|Any CPU.Build.0 = Release|Any CPU
	EndGlobalSection
	GlobalSection(SolutionProperties) = preSolution
		HideSolutionNode = FALSE
	EndGlobalSection
	GlobalSection(NestedProjects) = preSolution
		{6E8B388C-CFC6-D801-E602-E90BE4353836} = {02EA681E-C7D8-13C7-8484-4AC65E1B71E8}
		{D6647BAC-A71B-441B-9218-35CA30225F69} = {C142F91E-4A36-4A7B-9BCF-CCDCA3E4D7CB}
	EndGlobalSection
	GlobalSection(ExtensibilityGlobals) = postSolution
		SolutionGuid = {86FEFAB3-501D-4F3C-BC4E-AEC8BB86328A}
	EndGlobalSection
EndGlobal
